// !$*UTF8*$!
{
	archiveVersion = 1;
	classes = {
	};
	objectVersion = 51;
	objects = {

/* Begin PBXBuildFile section */
		0D6AA36F278D799A0032C0F9 /* AppDelegate.swift in Sources */ = {isa = PBXBuildFile; fileRef = 0D6AA36E278D799A0032C0F9 /* AppDelegate.swift */; };
		0D6AA371278D799A0032C0F9 /* SceneDelegate.swift in Sources */ = {isa = PBXBuildFile; fileRef = 0D6AA370278D799A0032C0F9 /* SceneDelegate.swift */; };
		0D6AA373278D799A0032C0F9 /* ViewController.swift in Sources */ = {isa = PBXBuildFile; fileRef = 0D6AA372278D799A0032C0F9 /* ViewController.swift */; };
		0D6AA376278D799A0032C0F9 /* Main.storyboard in Resources */ = {isa = PBXBuildFile; fileRef = 0D6AA374278D799A0032C0F9 /* Main.storyboard */; };
		0D6AA378278D799B0032C0F9 /* Assets.xcassets in Resources */ = {isa = PBXBuildFile; fileRef = 0D6AA377278D799B0032C0F9 /* Assets.xcassets */; };
		0D6AA37B278D799B0032C0F9 /* LaunchScreen.storyboard in Resources */ = {isa = PBXBuildFile; fileRef = 0D6AA379278D799B0032C0F9 /* LaunchScreen.storyboard */; };
		0D80736427956B6D006FFB25 /* NetworkingHelper.swift in Sources */ = {isa = PBXBuildFile; fileRef = 0D80736327956B6D006FFB25 /* NetworkingHelper.swift */; };
		31A98DA3F9896103DECF4EE3 /* Pods_Employees.framework in Frameworks */ = {isa = PBXBuildFile; fileRef = 9DEA01962733438F5AF5C887 /* Pods_Employees.framework */; };
		330F531427924B64003703A5 /* ForgotPasswordController.swift in Sources */ = {isa = PBXBuildFile; fileRef = 330F531327924B63003703A5 /* ForgotPasswordController.swift */; };
/* End PBXBuildFile section */

/* Begin PBXFileReference section */
		0D6AA36B278D799A0032C0F9 /* Employees.app */ = {isa = PBXFileReference; explicitFileType = wrapper.application; includeInIndex = 0; path = Employees.app; sourceTree = BUILT_PRODUCTS_DIR; };
		0D6AA36E278D799A0032C0F9 /* AppDelegate.swift */ = {isa = PBXFileReference; lastKnownFileType = sourcecode.swift; path = AppDelegate.swift; sourceTree = "<group>"; };
		0D6AA370278D799A0032C0F9 /* SceneDelegate.swift */ = {isa = PBXFileReference; lastKnownFileType = sourcecode.swift; path = SceneDelegate.swift; sourceTree = "<group>"; };
		0D6AA372278D799A0032C0F9 /* ViewController.swift */ = {isa = PBXFileReference; lastKnownFileType = sourcecode.swift; path = ViewController.swift; sourceTree = "<group>"; };
		0D6AA375278D799A0032C0F9 /* Base */ = {isa = PBXFileReference; lastKnownFileType = file.storyboard; name = Base; path = Base.lproj/Main.storyboard; sourceTree = "<group>"; };
		0D6AA377278D799B0032C0F9 /* Assets.xcassets */ = {isa = PBXFileReference; lastKnownFileType = folder.assetcatalog; path = Assets.xcassets; sourceTree = "<group>"; };
		0D6AA37A278D799B0032C0F9 /* Base */ = {isa = PBXFileReference; lastKnownFileType = file.storyboard; name = Base; path = Base.lproj/LaunchScreen.storyboard; sourceTree = "<group>"; };
		0D6AA37C278D799B0032C0F9 /* Info.plist */ = {isa = PBXFileReference; lastKnownFileType = text.plist.xml; path = Info.plist; sourceTree = "<group>"; };
		0D80736327956B6D006FFB25 /* NetworkingHelper.swift */ = {isa = PBXFileReference; lastKnownFileType = sourcecode.swift; path = NetworkingHelper.swift; sourceTree = "<group>"; };
		14A6397C9439A95B59CC7263 /* Pods-Employees.debug.xcconfig */ = {isa = PBXFileReference; includeInIndex = 1; lastKnownFileType = text.xcconfig; name = "Pods-Employees.debug.xcconfig"; path = "Target Support Files/Pods-Employees/Pods-Employees.debug.xcconfig"; sourceTree = "<group>"; };
		330F531327924B63003703A5 /* ForgotPasswordController.swift */ = {isa = PBXFileReference; lastKnownFileType = sourcecode.swift; path = ForgotPasswordController.swift; sourceTree = "<group>"; };
		7EF6A3A4FEEB16C9A56F1871 /* Pods-Employees.release.xcconfig */ = {isa = PBXFileReference; includeInIndex = 1; lastKnownFileType = text.xcconfig; name = "Pods-Employees.release.xcconfig"; path = "Target Support Files/Pods-Employees/Pods-Employees.release.xcconfig"; sourceTree = "<group>"; };
		9DEA01962733438F5AF5C887 /* Pods_Employees.framework */ = {isa = PBXFileReference; explicitFileType = wrapper.framework; includeInIndex = 0; path = Pods_Employees.framework; sourceTree = BUILT_PRODUCTS_DIR; };
/* End PBXFileReference section */

/* Begin PBXFrameworksBuildPhase section */
		0D6AA368278D799A0032C0F9 /* Frameworks */ = {
			isa = PBXFrameworksBuildPhase;
			buildActionMask = 2147483647;
			files = (
				31A98DA3F9896103DECF4EE3 /* Pods_Employees.framework in Frameworks */,
			);
			runOnlyForDeploymentPostprocessing = 0;
		};
/* End PBXFrameworksBuildPhase section */

/* Begin PBXGroup section */
		0D6AA362278D799A0032C0F9 = {
			isa = PBXGroup;
			children = (
				0D6AA36D278D799A0032C0F9 /* Employees */,
				0D6AA36C278D799A0032C0F9 /* Products */,
				7F1B044F060257884E5132D3 /* Pods */,
				600394922F85A032CC6B9787 /* Frameworks */,
			);
			sourceTree = "<group>";
		};
		0D6AA36C278D799A0032C0F9 /* Products */ = {
			isa = PBXGroup;
			children = (
				0D6AA36B278D799A0032C0F9 /* Employees.app */,
			);
			name = Products;
			sourceTree = "<group>";
		};
		0D6AA36D278D799A0032C0F9 /* Employees */ = {
			isa = PBXGroup;
			children = (
				0D807365279585BD006FFB25 /* Views */,
				0D807362279564A2006FFB25 /* Networking */,
				0D80736027956487006FFB25 /* Controllers */,
				0D6AA36E278D799A0032C0F9 /* AppDelegate.swift */,
				0D6AA370278D799A0032C0F9 /* SceneDelegate.swift */,
				0D6AA377278D799B0032C0F9 /* Assets.xcassets */,
				0D6AA379278D799B0032C0F9 /* LaunchScreen.storyboard */,
				0D6AA37C278D799B0032C0F9 /* Info.plist */,
			);
			path = Employees;
			sourceTree = "<group>";
		};
		0D80736027956487006FFB25 /* Controllers */ = {
			isa = PBXGroup;
			children = (
				0D6AA372278D799A0032C0F9 /* ViewController.swift */,
				330F531327924B63003703A5 /* ForgotPasswordController.swift */,
			);
			path = Controllers;
			sourceTree = "<group>";
		};
		0D807362279564A2006FFB25 /* Networking */ = {
			isa = PBXGroup;
			children = (
				0D80736327956B6D006FFB25 /* NetworkingHelper.swift */,
			);
			path = Networking;
			sourceTree = "<group>";
		};
		0D807365279585BD006FFB25 /* Views */ = {
			isa = PBXGroup;
			children = (
				0D6AA374278D799A0032C0F9 /* Main.storyboard */,
			);
			path = Views;
			sourceTree = "<group>";
		};
		600394922F85A032CC6B9787 /* Frameworks */ = {
			isa = PBXGroup;
			children = (
				9DEA01962733438F5AF5C887 /* Pods_Employees.framework */,
			);
			name = Frameworks;
			sourceTree = "<group>";
		};
		7F1B044F060257884E5132D3 /* Pods */ = {
			isa = PBXGroup;
			children = (
				14A6397C9439A95B59CC7263 /* Pods-Employees.debug.xcconfig */,
				7EF6A3A4FEEB16C9A56F1871 /* Pods-Employees.release.xcconfig */,
			);
			path = Pods;
			sourceTree = "<group>";
		};
/* End PBXGroup section */

/* Begin PBXNativeTarget section */
		0D6AA36A278D799A0032C0F9 /* Employees */ = {
			isa = PBXNativeTarget;
			buildConfigurationList = 0D6AA37F278D799B0032C0F9 /* Build configuration list for PBXNativeTarget "Employees" */;
			buildPhases = (
				013DA10FFEB2E7BB37177716 /* [CP] Check Pods Manifest.lock */,
				0D6AA367278D799A0032C0F9 /* Sources */,
				0D6AA368278D799A0032C0F9 /* Frameworks */,
				0D6AA369278D799A0032C0F9 /* Resources */,
				D331A61383414D471E9A0DD3 /* [CP] Embed Pods Frameworks */,
			);
			buildRules = (
			);
			dependencies = (
			);
			name = Employees;
			productName = Employees;
			productReference = 0D6AA36B278D799A0032C0F9 /* Employees.app */;
			productType = "com.apple.product-type.application";
		};
/* End PBXNativeTarget section */

/* Begin PBXProject section */
		0D6AA363278D799A0032C0F9 /* Project object */ = {
			isa = PBXProject;
			attributes = {
				LastSwiftUpdateCheck = 1250;
				LastUpgradeCheck = 1250;
				TargetAttributes = {
					0D6AA36A278D799A0032C0F9 = {
						CreatedOnToolsVersion = 12.5.1;
					};
				};
			};
			buildConfigurationList = 0D6AA366278D799A0032C0F9 /* Build configuration list for PBXProject "Employees" */;
			compatibilityVersion = "Xcode 9.3";
			developmentRegion = en;
			hasScannedForEncodings = 0;
			knownRegions = (
				en,
				Base,
			);
			mainGroup = 0D6AA362278D799A0032C0F9;
			productRefGroup = 0D6AA36C278D799A0032C0F9 /* Products */;
			projectDirPath = "";
			projectRoot = "";
			targets = (
				0D6AA36A278D799A0032C0F9 /* Employees */,
			);
		};
/* End PBXProject section */

/* Begin PBXResourcesBuildPhase section */
		0D6AA369278D799A0032C0F9 /* Resources */ = {
			isa = PBXResourcesBuildPhase;
			buildActionMask = 2147483647;
			files = (
				0D6AA37B278D799B0032C0F9 /* LaunchScreen.storyboard in Resources */,
				0D6AA378278D799B0032C0F9 /* Assets.xcassets in Resources */,
				0D6AA376278D799A0032C0F9 /* Main.storyboard in Resources */,
			);
			runOnlyForDeploymentPostprocessing = 0;
		};
/* End PBXResourcesBuildPhase section */

/* Begin PBXShellScriptBuildPhase section */
		013DA10FFEB2E7BB37177716 /* [CP] Check Pods Manifest.lock */ = {
			isa = PBXShellScriptBuildPhase;
			buildActionMask = 2147483647;
			files = (
			);
			inputFileListPaths = (
			);
			inputPaths = (
				"${PODS_PODFILE_DIR_PATH}/Podfile.lock",
				"${PODS_ROOT}/Manifest.lock",
			);
			name = "[CP] Check Pods Manifest.lock";
			outputFileListPaths = (
			);
			outputPaths = (
				"$(DERIVED_FILE_DIR)/Pods-Employees-checkManifestLockResult.txt",
			);
			runOnlyForDeploymentPostprocessing = 0;
			shellPath = /bin/sh;
			shellScript = "diff \"${PODS_PODFILE_DIR_PATH}/Podfile.lock\" \"${PODS_ROOT}/Manifest.lock\" > /dev/null\nif [ $? != 0 ] ; then\n    # print error to STDERR\n    echo \"error: The sandbox is not in sync with the Podfile.lock. Run 'pod install' or update your CocoaPods installation.\" >&2\n    exit 1\nfi\n# This output is used by Xcode 'outputs' to avoid re-running this script phase.\necho \"SUCCESS\" > \"${SCRIPT_OUTPUT_FILE_0}\"\n";
			showEnvVarsInLog = 0;
		};
		D331A61383414D471E9A0DD3 /* [CP] Embed Pods Frameworks */ = {
			isa = PBXShellScriptBuildPhase;
			buildActionMask = 2147483647;
			files = (
			);
			inputFileListPaths = (
				"${PODS_ROOT}/Target Support Files/Pods-Employees/Pods-Employees-frameworks-${CONFIGURATION}-input-files.xcfilelist",
			);
			name = "[CP] Embed Pods Frameworks";
			outputFileListPaths = (
				"${PODS_ROOT}/Target Support Files/Pods-Employees/Pods-Employees-frameworks-${CONFIGURATION}-output-files.xcfilelist",
			);
			runOnlyForDeploymentPostprocessing = 0;
			shellPath = /bin/sh;
			shellScript = "\"${PODS_ROOT}/Target Support Files/Pods-Employees/Pods-Employees-frameworks.sh\"\n";
			showEnvVarsInLog = 0;
		};
/* End PBXShellScriptBuildPhase section */

/* Begin PBXSourcesBuildPhase section */
		0D6AA367278D799A0032C0F9 /* Sources */ = {
			isa = PBXSourcesBuildPhase;
			buildActionMask = 2147483647;
			files = (
				0D80736427956B6D006FFB25 /* NetworkingHelper.swift in Sources */,
				0D6AA373278D799A0032C0F9 /* ViewController.swift in Sources */,
				330F531427924B64003703A5 /* ForgotPasswordController.swift in Sources */,
				0D6AA36F278D799A0032C0F9 /* AppDelegate.swift in Sources */,
				0D6AA371278D799A0032C0F9 /* SceneDelegate.swift in Sources */,
			);
			runOnlyForDeploymentPostprocessing = 0;
		};
/* End PBXSourcesBuildPhase section */

/* Begin PBXVariantGroup section */
		0D6AA374278D799A0032C0F9 /* Main.storyboard */ = {
			isa = PBXVariantGroup;
			children = (
				0D6AA375278D799A0032C0F9 /* Base */,
			);
			name = Main.storyboard;
			sourceTree = "<group>";
		};
		0D6AA379278D799B0032C0F9 /* LaunchScreen.storyboard */ = {
			isa = PBXVariantGroup;
			children = (
				0D6AA37A278D799B0032C0F9 /* Base */,
			);
			name = LaunchScreen.storyboard;
			sourceTree = "<group>";
		};
/* End PBXVariantGroup section */

/* Begin XCBuildConfiguration section */
		0D6AA37D278D799B0032C0F9 /* Debug */ = {
			isa = XCBuildConfiguration;
			buildSettings = {
				ALWAYS_SEARCH_USER_PATHS = NO;
				CLANG_ANALYZER_NONNULL = YES;
				CLANG_ANALYZER_NUMBER_OBJECT_CONVERSION = YES_AGGRESSIVE;
				CLANG_CXX_LANGUAGE_STANDARD = "gnu++14";
				CLANG_CXX_LIBRARY = "libc++";
				CLANG_ENABLE_MODULES = YES;
				CLANG_ENABLE_OBJC_ARC = YES;
				CLANG_ENABLE_OBJC_WEAK = YES;
				CLANG_WARN_BLOCK_CAPTURE_AUTORELEASING = YES;
				CLANG_WARN_BOOL_CONVERSION = YES;
				CLANG_WARN_COMMA = YES;
				CLANG_WARN_CONSTANT_CONVERSION = YES;
				CLANG_WARN_DEPRECATED_OBJC_IMPLEMENTATIONS = YES;
				CLANG_WARN_DIRECT_OBJC_ISA_USAGE = YES_ERROR;
				CLANG_WARN_DOCUMENTATION_COMMENTS = YES;
				CLANG_WARN_EMPTY_BODY = YES;
				CLANG_WARN_ENUM_CONVERSION = YES;
				CLANG_WARN_INFINITE_RECURSION = YES;
				CLANG_WARN_INT_CONVERSION = YES;
				CLANG_WARN_NON_LITERAL_NULL_CONVERSION = YES;
				CLANG_WARN_OBJC_IMPLICIT_RETAIN_SELF = YES;
				CLANG_WARN_OBJC_LITERAL_CONVERSION = YES;
				CLANG_WARN_OBJC_ROOT_CLASS = YES_ERROR;
				CLANG_WARN_QUOTED_INCLUDE_IN_FRAMEWORK_HEADER = YES;
				CLANG_WARN_RANGE_LOOP_ANALYSIS = YES;
				CLANG_WARN_STRICT_PROTOTYPES = YES;
				CLANG_WARN_SUSPICIOUS_MOVE = YES;
				CLANG_WARN_UNGUARDED_AVAILABILITY = YES_AGGRESSIVE;
				CLANG_WARN_UNREACHABLE_CODE = YES;
				CLANG_WARN__DUPLICATE_METHOD_MATCH = YES;
				COPY_PHASE_STRIP = NO;
				DEBUG_INFORMATION_FORMAT = dwarf;
				ENABLE_STRICT_OBJC_MSGSEND = YES;
				ENABLE_TESTABILITY = YES;
				GCC_C_LANGUAGE_STANDARD = gnu11;
				GCC_DYNAMIC_NO_PIC = NO;
				GCC_NO_COMMON_BLOCKS = YES;
				GCC_OPTIMIZATION_LEVEL = 0;
				GCC_PREPROCESSOR_DEFINITIONS = (
					"DEBUG=1",
					"$(inherited)",
				);
				GCC_WARN_64_TO_32_BIT_CONVERSION = YES;
				GCC_WARN_ABOUT_RETURN_TYPE = YES_ERROR;
				GCC_WARN_UNDECLARED_SELECTOR = YES;
				GCC_WARN_UNINITIALIZED_AUTOS = YES_AGGRESSIVE;
				GCC_WARN_UNUSED_FUNCTION = YES;
				GCC_WARN_UNUSED_VARIABLE = YES;
				IPHONEOS_DEPLOYMENT_TARGET = 14.5;
				MTL_ENABLE_DEBUG_INFO = INCLUDE_SOURCE;
				MTL_FAST_MATH = YES;
				ONLY_ACTIVE_ARCH = YES;
				SDKROOT = iphoneos;
				SWIFT_ACTIVE_COMPILATION_CONDITIONS = DEBUG;
				SWIFT_OPTIMIZATION_LEVEL = "-Onone";
			};
			name = Debug;
		};
		0D6AA37E278D799B0032C0F9 /* Release */ = {
			isa = XCBuildConfiguration;
			buildSettings = {
				ALWAYS_SEARCH_USER_PATHS = NO;
				CLANG_ANALYZER_NONNULL = YES;
				CLANG_ANALYZER_NUMBER_OBJECT_CONVERSION = YES_AGGRESSIVE;
				CLANG_CXX_LANGUAGE_STANDARD = "gnu++14";
				CLANG_CXX_LIBRARY = "libc++";
				CLANG_ENABLE_MODULES = YES;
				CLANG_ENABLE_OBJC_ARC = YES;
				CLANG_ENABLE_OBJC_WEAK = YES;
				CLANG_WARN_BLOCK_CAPTURE_AUTORELEASING = YES;
				CLANG_WARN_BOOL_CONVERSION = YES;
				CLANG_WARN_COMMA = YES;
				CLANG_WARN_CONSTANT_CONVERSION = YES;
				CLANG_WARN_DEPRECATED_OBJC_IMPLEMENTATIONS = YES;
				CLANG_WARN_DIRECT_OBJC_ISA_USAGE = YES_ERROR;
				CLANG_WARN_DOCUMENTATION_COMMENTS = YES;
				CLANG_WARN_EMPTY_BODY = YES;
				CLANG_WARN_ENUM_CONVERSION = YES;
				CLANG_WARN_INFINITE_RECURSION = YES;
				CLANG_WARN_INT_CONVERSION = YES;
				CLANG_WARN_NON_LITERAL_NULL_CONVERSION = YES;
				CLANG_WARN_OBJC_IMPLICIT_RETAIN_SELF = YES;
				CLANG_WARN_OBJC_LITERAL_CONVERSION = YES;
				CLANG_WARN_OBJC_ROOT_CLASS = YES_ERROR;
				CLANG_WARN_QUOTED_INCLUDE_IN_FRAMEWORK_HEADER = YES;
				CLANG_WARN_RANGE_LOOP_ANALYSIS = YES;
				CLANG_WARN_STRICT_PROTOTYPES = YES;
				CLANG_WARN_SUSPICIOUS_MOVE = YES;
				CLANG_WARN_UNGUARDED_AVAILABILITY = YES_AGGRESSIVE;
				CLANG_WARN_UNREACHABLE_CODE = YES;
				CLANG_WARN__DUPLICATE_METHOD_MATCH = YES;
				COPY_PHASE_STRIP = NO;
				DEBUG_INFORMATION_FORMAT = "dwarf-with-dsym";
				ENABLE_NS_ASSERTIONS = NO;
				ENABLE_STRICT_OBJC_MSGSEND = YES;
				GCC_C_LANGUAGE_STANDARD = gnu11;
				GCC_NO_COMMON_BLOCKS = YES;
				GCC_WARN_64_TO_32_BIT_CONVERSION = YES;
				GCC_WARN_ABOUT_RETURN_TYPE = YES_ERROR;
				GCC_WARN_UNDECLARED_SELECTOR = YES;
				GCC_WARN_UNINITIALIZED_AUTOS = YES_AGGRESSIVE;
				GCC_WARN_UNUSED_FUNCTION = YES;
				GCC_WARN_UNUSED_VARIABLE = YES;
				IPHONEOS_DEPLOYMENT_TARGET = 14.5;
				MTL_ENABLE_DEBUG_INFO = NO;
				MTL_FAST_MATH = YES;
				SDKROOT = iphoneos;
				SWIFT_COMPILATION_MODE = wholemodule;
				SWIFT_OPTIMIZATION_LEVEL = "-O";
				VALIDATE_PRODUCT = YES;
			};
			name = Release;
		};
		0D6AA380278D799B0032C0F9 /* Debug */ = {
			isa = XCBuildConfiguration;
			baseConfigurationReference = 14A6397C9439A95B59CC7263 /* Pods-Employees.debug.xcconfig */;
			buildSettings = {
				ASSETCATALOG_COMPILER_APPICON_NAME = AppIcon;
				ASSETCATALOG_COMPILER_GLOBAL_ACCENT_COLOR_NAME = AccentColor;
				CODE_SIGN_STYLE = Automatic;
				INFOPLIST_FILE = Employees/Info.plist;
				LD_RUNPATH_SEARCH_PATHS = (
					"$(inherited)",
					"@executable_path/Frameworks",
				);
				PRODUCT_BUNDLE_IDENTIFIER = dani.Employees;
				PRODUCT_NAME = "$(TARGET_NAME)";
				SWIFT_VERSION = 5.0;
				TARGETED_DEVICE_FAMILY = "1,2";
			};
			name = Debug;
		};
		0D6AA381278D799B0032C0F9 /* Release */ = {
			isa = XCBuildConfiguration;
			baseConfigurationReference = 7EF6A3A4FEEB16C9A56F1871 /* Pods-Employees.release.xcconfig */;
			buildSettings = {
				ASSETCATALOG_COMPILER_APPICON_NAME = AppIcon;
				ASSETCATALOG_COMPILER_GLOBAL_ACCENT_COLOR_NAME = AccentColor;
				CODE_SIGN_STYLE = Automatic;
				INFOPLIST_FILE = Employees/Info.plist;
				LD_RUNPATH_SEARCH_PATHS = (
					"$(inherited)",
					"@executable_path/Frameworks",
				);
				PRODUCT_BUNDLE_IDENTIFIER = dani.Employees;
				PRODUCT_NAME = "$(TARGET_NAME)";
				SWIFT_VERSION = 5.0;
				TARGETED_DEVICE_FAMILY = "1,2";
			};
			name = Release;
		};
/* End XCBuildConfiguration section */

/* Begin XCConfigurationList section */
		0D6AA366278D799A0032C0F9 /* Build configuration list for PBXProject "Employees" */ = {
			isa = XCConfigurationList;
			buildConfigurations = (
				0D6AA37D278D799B0032C0F9 /* Debug */,
				0D6AA37E278D799B0032C0F9 /* Release */,
			);
			defaultConfigurationIsVisible = 0;
			defaultConfigurationName = Release;
		};
		0D6AA37F278D799B0032C0F9 /* Build configuration list for PBXNativeTarget "Employees" */ = {
			isa = XCConfigurationList;
			buildConfigurations = (
				0D6AA380278D799B0032C0F9 /* Debug */,
				0D6AA381278D799B0032C0F9 /* Release */,
			);
			defaultConfigurationIsVisible = 0;
			defaultConfigurationName = Release;
		};
/* End XCConfigurationList section */
	};
	rootObject = 0D6AA363278D799A0032C0F9 /* Project object */;
}
